
Microsoft Visual Studio Solution File, Format Version 12.00
# Visual Studio Version 17
VisualStudioVersion = 17.2.32602.215
MinimumVisualStudioVersion = 10.0.40219.1
Project("{9A19103F-16F7-4668-BE54-9A1E7A4F7556}") = "PesquisaApi", "Pesquisa\PesquisaApi.csproj", "{ADE8B8D2-3A02-4E5F-9D42-3899664CA837}"
EndProject
Global
	GlobalSection(SolutionConfigurationPlatforms) = preSolution
		Debug|Any CPU = Debug|Any CPU
		Release|Any CPU = Release|Any CPU
	EndGlobalSection
	GlobalSection(ProjectConfigurationPlatforms) = postSolution
		{ADE8B8D2-3A02-4E5F-9D42-3899664CA837}.Debug|Any CPU.ActiveCfg = Debug|Any CPU
		{ADE8B8D2-3A02-4E5F-9D42-3899664CA837}.Debug|Any CPU.Build.0 = Debug|Any CPU
		{ADE8B8D2-3A02-4E5F-9D42-3899664CA837}.Release|Any CPU.ActiveCfg = Release|Any CPU
		{ADE8B8D2-3A02-4E5F-9D42-3899664CA837}.Release|Any CPU.Build.0 = Release|Any CPU
	EndGlobalSection
	GlobalSection(SolutionProperties) = preSolution
		HideSolutionNode = FALSE
	EndGlobalSection
	GlobalSection(ExtensibilityGlobals) = postSolution
		SolutionGuid = {4CBD718E-1EC8-4223-AA6B-28834136EE48}
	EndGlobalSection
EndGlobal
